
Microsoft Visual Studio Solution File, Format Version 12.00
# Visual Studio Version 17
VisualStudioVersion = 17.14.36518.9 d17.14
MinimumVisualStudioVersion = 10.0.40219.1
Project("{FAE04EC0-301F-11D3-BF4B-00C04F79EFBC}") = "pryConsultasDeUnArchivo", "pryConsultasDeUnArchivo\pryConsultasDeUnArchivo.csproj", "{5CC85AFD-2718-493F-B915-D38AF8121C2D}"
EndProject
Global
	GlobalSection(SolutionConfigurationPlatforms) = preSolution
		Debug|Any CPU = Debug|Any CPU
		Release|Any CPU = Release|Any CPU
	EndGlobalSection
	GlobalSection(ProjectConfigurationPlatforms) = postSolution
		{5CC85AFD-2718-493F-B915-D38AF8121C2D}.Debug|Any CPU.ActiveCfg = Debug|Any CPU
		{5CC85AFD-2718-493F-B915-D38AF8121C2D}.Debug|Any CPU.Build.0 = Debug|Any CPU
		{5CC85AFD-2718-493F-B915-D38AF8121C2D}.Release|Any CPU.ActiveCfg = Release|Any CPU
		{5CC85AFD-2718-493F-B915-D38AF8121C2D}.Release|Any CPU.Build.0 = Release|Any CPU
	EndGlobalSection
	GlobalSection(SolutionProperties) = preSolution
		HideSolutionNode = FALSE
	EndGlobalSection
	GlobalSection(ExtensibilityGlobals) = postSolution
		SolutionGuid = {A47E0368-16D9-4706-9D28-A3F30E993B52}
	EndGlobalSection
EndGlobal
