
Microsoft Visual Studio Solution File, Format Version 12.00
# Visual Studio Version 17
VisualStudioVersion = 17.10.35013.160
MinimumVisualStudioVersion = 10.0.40219.1
Project("{FAE04EC0-301F-11D3-BF4B-00C04F79EFBC}") = "ConsoleApp11", "ConsoleApp11.csproj", "{1ED8DAE9-E61D-4534-9B63-5DA19F6F06D2}"
EndProject
Global
	GlobalSection(SolutionConfigurationPlatforms) = preSolution
		Debug|Any CPU = Debug|Any CPU
		Release|Any CPU = Release|Any CPU
	EndGlobalSection
	GlobalSection(ProjectConfigurationPlatforms) = postSolution
		{1ED8DAE9-E61D-4534-9B63-5DA19F6F06D2}.Debug|Any CPU.ActiveCfg = Debug|Any CPU
		{1ED8DAE9-E61D-4534-9B63-5DA19F6F06D2}.Debug|Any CPU.Build.0 = Debug|Any CPU
		{1ED8DAE9-E61D-4534-9B63-5DA19F6F06D2}.Release|Any CPU.ActiveCfg = Release|Any CPU
		{1ED8DAE9-E61D-4534-9B63-5DA19F6F06D2}.Release|Any CPU.Build.0 = Release|Any CPU
	EndGlobalSection
	GlobalSection(SolutionProperties) = preSolution
		HideSolutionNode = FALSE
	EndGlobalSection
	GlobalSection(ExtensibilityGlobals) = postSolution
		SolutionGuid = {DEE7453B-6C51-49E9-B395-5329262A088D}
	EndGlobalSection
EndGlobal
