
Microsoft Visual Studio Solution File, Format Version 12.00
# Visual Studio Version 17
VisualStudioVersion = 17.14.36915.13 d17.14
MinimumVisualStudioVersion = 10.0.40219.1
Project("{FAE04EC0-301F-11D3-BF4B-00C04F79EFBC}") = "WebApplication11", "WebApplication11\WebApplication11.csproj", "{D3835FC7-112B-4C0A-914A-41DBCAD0905B}"
EndProject
Global
	GlobalSection(SolutionConfigurationPlatforms) = preSolution
		Debug|Any CPU = Debug|Any CPU
		Release|Any CPU = Release|Any CPU
	EndGlobalSection
	GlobalSection(ProjectConfigurationPlatforms) = postSolution
		{D3835FC7-112B-4C0A-914A-41DBCAD0905B}.Debug|Any CPU.ActiveCfg = Debug|Any CPU
		{D3835FC7-112B-4C0A-914A-41DBCAD0905B}.Debug|Any CPU.Build.0 = Debug|Any CPU
		{D3835FC7-112B-4C0A-914A-41DBCAD0905B}.Release|Any CPU.ActiveCfg = Release|Any CPU
		{D3835FC7-112B-4C0A-914A-41DBCAD0905B}.Release|Any CPU.Build.0 = Release|Any CPU
	EndGlobalSection
	GlobalSection(SolutionProperties) = preSolution
		HideSolutionNode = FALSE
	EndGlobalSection
	GlobalSection(ExtensibilityGlobals) = postSolution
		SolutionGuid = {1DBC9290-EE40-4238-BE0A-4F40FEEB09CF}
	EndGlobalSection
EndGlobal
