
Microsoft Visual Studio Solution File, Format Version 12.00
# Visual Studio Version 17
VisualStudioVersion = 17.10.35013.160
MinimumVisualStudioVersion = 10.0.40219.1
Project("{FAE04EC0-301F-11D3-BF4B-00C04F79EFBC}") = "WindowsFormsApp3", "WindowsFormsApp3.csproj", "{47420856-6752-489B-89BF-8344EB16D453}"
EndProject
Global
	GlobalSection(SolutionConfigurationPlatforms) = preSolution
		Debug|Any CPU = Debug|Any CPU
		Release|Any CPU = Release|Any CPU
	EndGlobalSection
	GlobalSection(ProjectConfigurationPlatforms) = postSolution
		{47420856-6752-489B-89BF-8344EB16D453}.Debug|Any CPU.ActiveCfg = Debug|Any CPU
		{47420856-6752-489B-89BF-8344EB16D453}.Debug|Any CPU.Build.0 = Debug|Any CPU
		{47420856-6752-489B-89BF-8344EB16D453}.Release|Any CPU.ActiveCfg = Release|Any CPU
		{47420856-6752-489B-89BF-8344EB16D453}.Release|Any CPU.Build.0 = Release|Any CPU
	EndGlobalSection
	GlobalSection(SolutionProperties) = preSolution
		HideSolutionNode = FALSE
	EndGlobalSection
	GlobalSection(ExtensibilityGlobals) = postSolution
		SolutionGuid = {52AA79B0-8B7C-41C3-8DA4-C17BFE6A6945}
	EndGlobalSection
EndGlobal
