
Microsoft Visual Studio Solution File, Format Version 12.00
# Visual Studio Version 17
VisualStudioVersion = 17.10.35013.160
MinimumVisualStudioVersion = 10.0.40219.1
Project("{FAE04EC0-301F-11D3-BF4B-00C04F79EFBC}") = "WindowsFormsAppCertamen2", "WindowsFormsAppCertamen2.csproj", "{EE669B67-B0C6-48CC-93EB-BC1CCE253396}"
EndProject
Global
	GlobalSection(SolutionConfigurationPlatforms) = preSolution
		Debug|Any CPU = Debug|Any CPU
		Release|Any CPU = Release|Any CPU
	EndGlobalSection
	GlobalSection(ProjectConfigurationPlatforms) = postSolution
		{EE669B67-B0C6-48CC-93EB-BC1CCE253396}.Debug|Any CPU.ActiveCfg = Debug|Any CPU
		{EE669B67-B0C6-48CC-93EB-BC1CCE253396}.Debug|Any CPU.Build.0 = Debug|Any CPU
		{EE669B67-B0C6-48CC-93EB-BC1CCE253396}.Release|Any CPU.ActiveCfg = Release|Any CPU
		{EE669B67-B0C6-48CC-93EB-BC1CCE253396}.Release|Any CPU.Build.0 = Release|Any CPU
	EndGlobalSection
	GlobalSection(SolutionProperties) = preSolution
		HideSolutionNode = FALSE
	EndGlobalSection
	GlobalSection(ExtensibilityGlobals) = postSolution
		SolutionGuid = {A363CF29-EDE4-4BA8-8364-CCC5A2EA6CA5}
	EndGlobalSection
EndGlobal
